
Microsoft Visual Studio Solution File, Format Version 12.00
# Visual Studio Version 16
VisualStudioVersion = 16.0.29306.81
MinimumVisualStudioVersion = 10.0.40219.1
Project("{FAE04EC0-301F-11D3-BF4B-00C04F79EFBC}") = "WAD-1", "WAD-1\WAD-1.csproj", "{F14FCF83-EF48-4E43-A9A9-A4387735E533}"
EndProject
Global
	GlobalSection(SolutionConfigurationPlatforms) = preSolution
		Debug|Any CPU = Debug|Any CPU
		Release|Any CPU = Release|Any CPU
	EndGlobalSection
	GlobalSection(ProjectConfigurationPlatforms) = postSolution
		{F14FCF83-EF48-4E43-A9A9-A4387735E533}.Debug|Any CPU.ActiveCfg = Debug|Any CPU
		{F14FCF83-EF48-4E43-A9A9-A4387735E533}.Debug|Any CPU.Build.0 = Debug|Any CPU
		{F14FCF83-EF48-4E43-A9A9-A4387735E533}.Release|Any CPU.ActiveCfg = Release|Any CPU
		{F14FCF83-EF48-4E43-A9A9-A4387735E533}.Release|Any CPU.Build.0 = Release|Any CPU
	EndGlobalSection
	GlobalSection(SolutionProperties) = preSolution
		HideSolutionNode = FALSE
	EndGlobalSection
	GlobalSection(ExtensibilityGlobals) = postSolution
		SolutionGuid = {0C678195-42E3-4FEE-A012-280B0C58D17B}
	EndGlobalSection
EndGlobal
